{
    "_readme": [
        "This file locks the dependencies of your project to a known state",
        "Read more about it at https://getcomposer.org/doc/01-basic-usage.md#installing-dependencies",
        "This file is @generated automatically"
    ],
    "content-hash": "828ec055fa82a99b58829314ee6c39aa",
    "packages": [
        {
            "name": "phpclassic/php-shopify",
            "version": "v1.1.16",
            "source": {
                "type": "git",
                "url": "https://github.com/phpclassic/php-shopify.git",
                "reference": "1d1c3e83a758ccd603a5b672ec6cd973a0928ac4"
            },
            "dist": {
                "type": "zip",
                "url": "https://api.github.com/repos/phpclassic/php-shopify/zipball/1d1c3e83a758ccd603a5b672ec6cd973a0928ac4",
                "reference": "1d1c3e83a758ccd603a5b672ec6cd973a0928ac4",
                "shasum": ""
            },
            "require": {
                "ext-curl": "*",
                "ext-json": "*",
                "php": ">=5.6"
            },
            "require-dev": {
                "phpunit/phpunit": "^5.5"
            },
            "type": "library",
            "autoload": {
                "psr-4": {
                    "PHPShopify\\": "lib/"
                }
            },
            "notification-url": "https://packagist.org/downloads/",
            "license": [
                "Apache-2.0"
            ],
            "authors": [
                {
                    "name": "Tareq Mahmood",
                    "email": "tareqtms@yahoo.com"
                }
            ],
            "description": "PHP SDK for Shopify API",
            "homepage": "https://github.com/phpclassic/php-shopify",
            "keywords": [
                "php",
                "sdk",
                "shopify"
            ],
            "support": {
                "issues": "https://github.com/phpclassic/php-shopify/issues",
                "source": "https://github.com/phpclassic/php-shopify/tree/v1.1.16"
            },
            "time": "2020-12-17T08:07:12+00:00"
        }
    ],
    "packages-dev": [],
    "aliases": [],
    "minimum-stability": "stable",
    "stability-flags": [],
    "prefer-stable": false,
    "prefer-lowest": false,
    "platform": [],
    "platform-dev": [],
    "plugin-api-version": "2.0.0"
}
